
Microsoft Visual Studio Solution File, Format Version 12.00
Project("{FAE04EC0-301F-11D3-BF4B-00C04F79EFBC}") = "HappyDesk.Presentation", "HappyDesk.Presentation\HappyDesk.Presentation.csproj", "{052FB010-27CF-479D-AEC3-7126152CECBC}"
EndProject
Project("{FAE04EC0-301F-11D3-BF4B-00C04F79EFBC}") = "HappyDesk.Domain", "HappyDesk.Domain\HappyDesk.Domain.csproj", "{0A952D7D-8E6C-4E4D-A0AA-2EE10505E733}"
EndProject
Global
	GlobalSection(SolutionConfigurationPlatforms) = preSolution
		Debug|Any CPU = Debug|Any CPU
		Release|Any CPU = Release|Any CPU
	EndGlobalSection
	GlobalSection(ProjectConfigurationPlatforms) = postSolution
		{052FB010-27CF-479D-AEC3-7126152CECBC}.Debug|Any CPU.ActiveCfg = Debug|Any CPU
		{052FB010-27CF-479D-AEC3-7126152CECBC}.Debug|Any CPU.Build.0 = Debug|Any CPU
		{052FB010-27CF-479D-AEC3-7126152CECBC}.Release|Any CPU.ActiveCfg = Release|Any CPU
		{052FB010-27CF-479D-AEC3-7126152CECBC}.Release|Any CPU.Build.0 = Release|Any CPU
		{0A952D7D-8E6C-4E4D-A0AA-2EE10505E733}.Debug|Any CPU.ActiveCfg = Debug|Any CPU
		{0A952D7D-8E6C-4E4D-A0AA-2EE10505E733}.Debug|Any CPU.Build.0 = Debug|Any CPU
		{0A952D7D-8E6C-4E4D-A0AA-2EE10505E733}.Release|Any CPU.ActiveCfg = Release|Any CPU
		{0A952D7D-8E6C-4E4D-A0AA-2EE10505E733}.Release|Any CPU.Build.0 = Release|Any CPU
	EndGlobalSection
EndGlobal
